
Microsoft Visual Studio Solution File, Format Version 12.00
# Visual Studio Version 17
VisualStudioVersion = 17.11.35303.130
MinimumVisualStudioVersion = 10.0.40219.1
Project("{FAE04EC0-301F-11D3-BF4B-00C04F79EFBC}") = "Lab6APtask2", "Lab6APtask2.csproj", "{FC1A1130-B4F4-4D5C-BB36-02403D2C0223}"
EndProject
Global
	GlobalSection(SolutionConfigurationPlatforms) = preSolution
		Debug|Any CPU = Debug|Any CPU
		Release|Any CPU = Release|Any CPU
	EndGlobalSection
	GlobalSection(ProjectConfigurationPlatforms) = postSolution
		{FC1A1130-B4F4-4D5C-BB36-02403D2C0223}.Debug|Any CPU.ActiveCfg = Debug|Any CPU
		{FC1A1130-B4F4-4D5C-BB36-02403D2C0223}.Debug|Any CPU.Build.0 = Debug|Any CPU
		{FC1A1130-B4F4-4D5C-BB36-02403D2C0223}.Release|Any CPU.ActiveCfg = Release|Any CPU
		{FC1A1130-B4F4-4D5C-BB36-02403D2C0223}.Release|Any CPU.Build.0 = Release|Any CPU
	EndGlobalSection
	GlobalSection(SolutionProperties) = preSolution
		HideSolutionNode = FALSE
	EndGlobalSection
	GlobalSection(ExtensibilityGlobals) = postSolution
		SolutionGuid = {B1BB9FA7-DEDD-42FC-9534-B093F5C25711}
	EndGlobalSection
EndGlobal
